
Microsoft Visual Studio Solution File, Format Version 12.00
# Visual Studio 2012
Project("{FAE04EC0-301F-11D3-BF4B-00C04F79EFBC}") = "JudgeApp", "JudgeApp\JudgeApp.csproj", "{7A2D5203-CEAA-4386-9CE9-E0F860CD3650}"
	ProjectSection(ProjectDependencies) = postProject
		{4ABDEFB8-CABF-48E6-9C6C-EBCDA4AD9AE1} = {4ABDEFB8-CABF-48E6-9C6C-EBCDA4AD9AE1}
	EndProjectSection
EndProject
Project("{FAE04EC0-301F-11D3-BF4B-00C04F79EFBC}") = "JudgeService", "JudgeService\JudgeService.csproj", "{4ABDEFB8-CABF-48E6-9C6C-EBCDA4AD9AE1}"
EndProject
Global
	GlobalSection(SolutionConfigurationPlatforms) = preSolution
		Debug|Any CPU = Debug|Any CPU
		Debug|ARM = Debug|ARM
		Debug|x64 = Debug|x64
		Debug|x86 = Debug|x86
		Release|Any CPU = Release|Any CPU
		Release|ARM = Release|ARM
		Release|x64 = Release|x64
		Release|x86 = Release|x86
	EndGlobalSection
	GlobalSection(ProjectConfigurationPlatforms) = postSolution
		{7A2D5203-CEAA-4386-9CE9-E0F860CD3650}.Debug|Any CPU.ActiveCfg = Debug|Any CPU
		{7A2D5203-CEAA-4386-9CE9-E0F860CD3650}.Debug|Any CPU.Build.0 = Debug|Any CPU
		{7A2D5203-CEAA-4386-9CE9-E0F860CD3650}.Debug|Any CPU.Deploy.0 = Debug|Any CPU
		{7A2D5203-CEAA-4386-9CE9-E0F860CD3650}.Debug|ARM.ActiveCfg = Debug|ARM
		{7A2D5203-CEAA-4386-9CE9-E0F860CD3650}.Debug|ARM.Build.0 = Debug|ARM
		{7A2D5203-CEAA-4386-9CE9-E0F860CD3650}.Debug|ARM.Deploy.0 = Debug|ARM
		{7A2D5203-CEAA-4386-9CE9-E0F860CD3650}.Debug|x64.ActiveCfg = Debug|x64
		{7A2D5203-CEAA-4386-9CE9-E0F860CD3650}.Debug|x64.Build.0 = Debug|x64
		{7A2D5203-CEAA-4386-9CE9-E0F860CD3650}.Debug|x64.Deploy.0 = Debug|x64
		{7A2D5203-CEAA-4386-9CE9-E0F860CD3650}.Debug|x86.ActiveCfg = Debug|x86
		{7A2D5203-CEAA-4386-9CE9-E0F860CD3650}.Debug|x86.Build.0 = Debug|x86
		{7A2D5203-CEAA-4386-9CE9-E0F860CD3650}.Debug|x86.Deploy.0 = Debug|x86
		{7A2D5203-CEAA-4386-9CE9-E0F860CD3650}.Release|Any CPU.ActiveCfg = Release|Any CPU
		{7A2D5203-CEAA-4386-9CE9-E0F860CD3650}.Release|Any CPU.Build.0 = Release|Any CPU
		{7A2D5203-CEAA-4386-9CE9-E0F860CD3650}.Release|Any CPU.Deploy.0 = Release|Any CPU
		{7A2D5203-CEAA-4386-9CE9-E0F860CD3650}.Release|ARM.ActiveCfg = Release|ARM
		{7A2D5203-CEAA-4386-9CE9-E0F860CD3650}.Release|ARM.Build.0 = Release|ARM
		{7A2D5203-CEAA-4386-9CE9-E0F860CD3650}.Release|ARM.Deploy.0 = Release|ARM
		{7A2D5203-CEAA-4386-9CE9-E0F860CD3650}.Release|x64.ActiveCfg = Release|x64
		{7A2D5203-CEAA-4386-9CE9-E0F860CD3650}.Release|x64.Build.0 = Release|x64
		{7A2D5203-CEAA-4386-9CE9-E0F860CD3650}.Release|x64.Deploy.0 = Release|x64
		{7A2D5203-CEAA-4386-9CE9-E0F860CD3650}.Release|x86.ActiveCfg = Release|x86
		{7A2D5203-CEAA-4386-9CE9-E0F860CD3650}.Release|x86.Build.0 = Release|x86
		{7A2D5203-CEAA-4386-9CE9-E0F860CD3650}.Release|x86.Deploy.0 = Release|x86
		{4ABDEFB8-CABF-48E6-9C6C-EBCDA4AD9AE1}.Debug|Any CPU.ActiveCfg = Debug|Any CPU
		{4ABDEFB8-CABF-48E6-9C6C-EBCDA4AD9AE1}.Debug|Any CPU.Build.0 = Debug|Any CPU
		{4ABDEFB8-CABF-48E6-9C6C-EBCDA4AD9AE1}.Debug|ARM.ActiveCfg = Debug|Any CPU
		{4ABDEFB8-CABF-48E6-9C6C-EBCDA4AD9AE1}.Debug|x64.ActiveCfg = Debug|Any CPU
		{4ABDEFB8-CABF-48E6-9C6C-EBCDA4AD9AE1}.Debug|x86.ActiveCfg = Debug|Any CPU
		{4ABDEFB8-CABF-48E6-9C6C-EBCDA4AD9AE1}.Release|Any CPU.ActiveCfg = Release|Any CPU
		{4ABDEFB8-CABF-48E6-9C6C-EBCDA4AD9AE1}.Release|Any CPU.Build.0 = Release|Any CPU
		{4ABDEFB8-CABF-48E6-9C6C-EBCDA4AD9AE1}.Release|ARM.ActiveCfg = Release|Any CPU
		{4ABDEFB8-CABF-48E6-9C6C-EBCDA4AD9AE1}.Release|x64.ActiveCfg = Release|Any CPU
		{4ABDEFB8-CABF-48E6-9C6C-EBCDA4AD9AE1}.Release|x86.ActiveCfg = Release|Any CPU
	EndGlobalSection
	GlobalSection(SolutionProperties) = preSolution
		HideSolutionNode = FALSE
	EndGlobalSection
EndGlobal
